// !$*UTF8*$!
{
	archiveVersion = 1;
	classes = {
	};
	objectVersion = 56;
	objects = {

/* Begin PBXBuildFile section */
		29E6E16E2A22030200B8A35A /* AppDelegate.swift in Sources */ = {isa = PBXBuildFile; fileRef = 29E6E16D2A22030200B8A35A /* AppDelegate.swift */; };
		29E6E1702A22030200B8A35A /* SceneDelegate.swift in Sources */ = {isa = PBXBuildFile; fileRef = 29E6E16F2A22030200B8A35A /* SceneDelegate.swift */; };
		29E6E1722A22030200B8A35A /* MainTabBarController.swift in Sources */ = {isa = PBXBuildFile; fileRef = 29E6E1712A22030200B8A35A /* MainTabBarController.swift */; };
		29E6E1752A22030200B8A35A /* Main.storyboard in Resources */ = {isa = PBXBuildFile; fileRef = 29E6E1732A22030200B8A35A /* Main.storyboard */; };
		29E6E1772A22030300B8A35A /* Assets.xcassets in Resources */ = {isa = PBXBuildFile; fileRef = 29E6E1762A22030300B8A35A /* Assets.xcassets */; };
		29E6E17A2A22030300B8A35A /* LaunchScreen.storyboard in Resources */ = {isa = PBXBuildFile; fileRef = 29E6E1782A22030300B8A35A /* LaunchScreen.storyboard */; };
		29E6E1832A2376A500B8A35A /* Extensions.swift in Sources */ = {isa = PBXBuildFile; fileRef = 29E6E1822A2376A500B8A35A /* Extensions.swift */; };
		29E6E1852A2381BF00B8A35A /* MyCertificate.swift in Sources */ = {isa = PBXBuildFile; fileRef = 29E6E1842A2381BF00B8A35A /* MyCertificate.swift */; };
/* End PBXBuildFile section */

/* Begin PBXFileReference section */
		29E6E16A2A22030200B8A35A /* Mission1_UIKit.app */ = {isa = PBXFileReference; explicitFileType = wrapper.application; includeInIndex = 0; path = Mission1_UIKit.app; sourceTree = BUILT_PRODUCTS_DIR; };
		29E6E16D2A22030200B8A35A /* AppDelegate.swift */ = {isa = PBXFileReference; lastKnownFileType = sourcecode.swift; path = AppDelegate.swift; sourceTree = "<group>"; };
		29E6E16F2A22030200B8A35A /* SceneDelegate.swift */ = {isa = PBXFileReference; lastKnownFileType = sourcecode.swift; path = SceneDelegate.swift; sourceTree = "<group>"; };
		29E6E1712A22030200B8A35A /* MainTabBarController.swift */ = {isa = PBXFileReference; lastKnownFileType = sourcecode.swift; path = MainTabBarController.swift; sourceTree = "<group>"; };
		29E6E1742A22030200B8A35A /* Base */ = {isa = PBXFileReference; lastKnownFileType = file.storyboard; name = Base; path = Base.lproj/Main.storyboard; sourceTree = "<group>"; };
		29E6E1762A22030300B8A35A /* Assets.xcassets */ = {isa = PBXFileReference; lastKnownFileType = folder.assetcatalog; path = Assets.xcassets; sourceTree = "<group>"; };
		29E6E1792A22030300B8A35A /* Base */ = {isa = PBXFileReference; lastKnownFileType = file.storyboard; name = Base; path = Base.lproj/LaunchScreen.storyboard; sourceTree = "<group>"; };
		29E6E17B2A22030300B8A35A /* Info.plist */ = {isa = PBXFileReference; lastKnownFileType = text.plist.xml; path = Info.plist; sourceTree = "<group>"; };
		29E6E1812A2345D200B8A35A /*  Requirements.md */ = {isa = PBXFileReference; lastKnownFileType = net.daringfireball.markdown; path = " Requirements.md"; sourceTree = "<group>"; };
		29E6E1822A2376A500B8A35A /* Extensions.swift */ = {isa = PBXFileReference; lastKnownFileType = sourcecode.swift; path = Extensions.swift; sourceTree = "<group>"; };
		29E6E1842A2381BF00B8A35A /* MyCertificate.swift */ = {isa = PBXFileReference; lastKnownFileType = sourcecode.swift; path = MyCertificate.swift; sourceTree = "<group>"; };
/* End PBXFileReference section */

/* Begin PBXFrameworksBuildPhase section */
		29E6E1672A22030200B8A35A /* Frameworks */ = {
			isa = PBXFrameworksBuildPhase;
			buildActionMask = 2147483647;
			files = (
			);
			runOnlyForDeploymentPostprocessing = 0;
		};
/* End PBXFrameworksBuildPhase section */

/* Begin PBXGroup section */
		29E6E1612A22030200B8A35A = {
			isa = PBXGroup;
			children = (
				29E6E16C2A22030200B8A35A /* Mission1_UIKit */,
				29E6E16B2A22030200B8A35A /* Products */,
			);
			sourceTree = "<group>";
		};
		29E6E16B2A22030200B8A35A /* Products */ = {
			isa = PBXGroup;
			children = (
				29E6E16A2A22030200B8A35A /* Mission1_UIKit.app */,
			);
			name = Products;
			sourceTree = "<group>";
		};
		29E6E16C2A22030200B8A35A /* Mission1_UIKit */ = {
			isa = PBXGroup;
			children = (
				29E6E16D2A22030200B8A35A /* AppDelegate.swift */,
				29E6E1812A2345D200B8A35A /*  Requirements.md */,
				29E6E16F2A22030200B8A35A /* SceneDelegate.swift */,
				29E6E1712A22030200B8A35A /* MainTabBarController.swift */,
				29E6E1842A2381BF00B8A35A /* MyCertificate.swift */,
				29E6E1822A2376A500B8A35A /* Extensions.swift */,
				29E6E1732A22030200B8A35A /* Main.storyboard */,
				29E6E1762A22030300B8A35A /* Assets.xcassets */,
				29E6E1782A22030300B8A35A /* LaunchScreen.storyboard */,
				29E6E17B2A22030300B8A35A /* Info.plist */,
			);
			path = Mission1_UIKit;
			sourceTree = "<group>";
		};
/* End PBXGroup section */

/* Begin PBXNativeTarget section */
		29E6E1692A22030200B8A35A /* Mission1_UIKit */ = {
			isa = PBXNativeTarget;
			buildConfigurationList = 29E6E17E2A22030300B8A35A /* Build configuration list for PBXNativeTarget "Mission1_UIKit" */;
			buildPhases = (
				29E6E1662A22030200B8A35A /* Sources */,
				29E6E1672A22030200B8A35A /* Frameworks */,
				29E6E1682A22030200B8A35A /* Resources */,
			);
			buildRules = (
			);
			dependencies = (
			);
			name = Mission1_UIKit;
			productName = Mission1_UIKit;
			productReference = 29E6E16A2A22030200B8A35A /* Mission1_UIKit.app */;
			productType = "com.apple.product-type.application";
		};
/* End PBXNativeTarget section */

/* Begin PBXProject section */
		29E6E1622A22030200B8A35A /* Project object */ = {
			isa = PBXProject;
			attributes = {
				BuildIndependentTargetsInParallel = 1;
				LastSwiftUpdateCheck = 1430;
				LastUpgradeCheck = 1430;
				TargetAttributes = {
					29E6E1692A22030200B8A35A = {
						CreatedOnToolsVersion = 14.3;
					};
				};
			};
			buildConfigurationList = 29E6E1652A22030200B8A35A /* Build configuration list for PBXProject "Mission1_UIKit" */;
			compatibilityVersion = "Xcode 14.0";
			developmentRegion = en;
			hasScannedForEncodings = 0;
			knownRegions = (
				en,
				Base,
			);
			mainGroup = 29E6E1612A22030200B8A35A;
			productRefGroup = 29E6E16B2A22030200B8A35A /* Products */;
			projectDirPath = "";
			projectRoot = "";
			targets = (
				29E6E1692A22030200B8A35A /* Mission1_UIKit */,
			);
		};
/* End PBXProject section */

/* Begin PBXResourcesBuildPhase section */
		29E6E1682A22030200B8A35A /* Resources */ = {
			isa = PBXResourcesBuildPhase;
			buildActionMask = 2147483647;
			files = (
				29E6E17A2A22030300B8A35A /* LaunchScreen.storyboard in Resources */,
				29E6E1772A22030300B8A35A /* Assets.xcassets in Resources */,
				29E6E1752A22030200B8A35A /* Main.storyboard in Resources */,
			);
			runOnlyForDeploymentPostprocessing = 0;
		};
/* End PBXResourcesBuildPhase section */

/* Begin PBXSourcesBuildPhase section */
		29E6E1662A22030200B8A35A /* Sources */ = {
			isa = PBXSourcesBuildPhase;
			buildActionMask = 2147483647;
			files = (
				29E6E1722A22030200B8A35A /* MainTabBarController.swift in Sources */,
				29E6E1852A2381BF00B8A35A /* MyCertificate.swift in Sources */,
				29E6E16E2A22030200B8A35A /* AppDelegate.swift in Sources */,
				29E6E1702A22030200B8A35A /* SceneDelegate.swift in Sources */,
				29E6E1832A2376A500B8A35A /* Extensions.swift in Sources */,
			);
			runOnlyForDeploymentPostprocessing = 0;
		};
/* End PBXSourcesBuildPhase section */

/* Begin PBXVariantGroup section */
		29E6E1732A22030200B8A35A /* Main.storyboard */ = {
			isa = PBXVariantGroup;
			children = (
				29E6E1742A22030200B8A35A /* Base */,
			);
			name = Main.storyboard;
			sourceTree = "<group>";
		};
		29E6E1782A22030300B8A35A /* LaunchScreen.storyboard */ = {
			isa = PBXVariantGroup;
			children = (
				29E6E1792A22030300B8A35A /* Base */,
			);
			name = LaunchScreen.storyboard;
			sourceTree = "<group>";
		};
/* End PBXVariantGroup section */

/* Begin XCBuildConfiguration section */
		29E6E17C2A22030300B8A35A /* Debug */ = {
			isa = XCBuildConfiguration;
			buildSettings = {
				ALWAYS_SEARCH_USER_PATHS = NO;
				CLANG_ANALYZER_NONNULL = YES;
				CLANG_ANALYZER_NUMBER_OBJECT_CONVERSION = YES_AGGRESSIVE;
				CLANG_CXX_LANGUAGE_STANDARD = "gnu++20";
				CLANG_ENABLE_MODULES = YES;
				CLANG_ENABLE_OBJC_ARC = YES;
				CLANG_ENABLE_OBJC_WEAK = YES;
				CLANG_WARN_BLOCK_CAPTURE_AUTORELEASING = YES;
				CLANG_WARN_BOOL_CONVERSION = YES;
				CLANG_WARN_COMMA = YES;
				CLANG_WARN_CONSTANT_CONVERSION = YES;
				CLANG_WARN_DEPRECATED_OBJC_IMPLEMENTATIONS = YES;
				CLANG_WARN_DIRECT_OBJC_ISA_USAGE = YES_ERROR;
				CLANG_WARN_DOCUMENTATION_COMMENTS = YES;
				CLANG_WARN_EMPTY_BODY = YES;
				CLANG_WARN_ENUM_CONVERSION = YES;
				CLANG_WARN_INFINITE_RECURSION = YES;
				CLANG_WARN_INT_CONVERSION = YES;
				CLANG_WARN_NON_LITERAL_NULL_CONVERSION = YES;
				CLANG_WARN_OBJC_IMPLICIT_RETAIN_SELF = YES;
				CLANG_WARN_OBJC_LITERAL_CONVERSION = YES;
				CLANG_WARN_OBJC_ROOT_CLASS = YES_ERROR;
				CLANG_WARN_QUOTED_INCLUDE_IN_FRAMEWORK_HEADER = YES;
				CLANG_WARN_RANGE_LOOP_ANALYSIS = YES;
				CLANG_WARN_STRICT_PROTOTYPES = YES;
				CLANG_WARN_SUSPICIOUS_MOVE = YES;
				CLANG_WARN_UNGUARDED_AVAILABILITY = YES_AGGRESSIVE;
				CLANG_WARN_UNREACHABLE_CODE = YES;
				CLANG_WARN__DUPLICATE_METHOD_MATCH = YES;
				COPY_PHASE_STRIP = NO;
				DEBUG_INFORMATION_FORMAT = dwarf;
				ENABLE_STRICT_OBJC_MSGSEND = YES;
				ENABLE_TESTABILITY = YES;
				GCC_C_LANGUAGE_STANDARD = gnu11;
				GCC_DYNAMIC_NO_PIC = NO;
				GCC_NO_COMMON_BLOCKS = YES;
				GCC_OPTIMIZATION_LEVEL = 0;
				GCC_PREPROCESSOR_DEFINITIONS = (
					"DEBUG=1",
					"$(inherited)",
				);
				GCC_WARN_64_TO_32_BIT_CONVERSION = YES;
				GCC_WARN_ABOUT_RETURN_TYPE = YES_ERROR;
				GCC_WARN_UNDECLARED_SELECTOR = YES;
				GCC_WARN_UNINITIALIZED_AUTOS = YES_AGGRESSIVE;
				GCC_WARN_UNUSED_FUNCTION = YES;
				GCC_WARN_UNUSED_VARIABLE = YES;
				IPHONEOS_DEPLOYMENT_TARGET = 16.4;
				MTL_ENABLE_DEBUG_INFO = INCLUDE_SOURCE;
				MTL_FAST_MATH = YES;
				ONLY_ACTIVE_ARCH = YES;
				SDKROOT = iphoneos;
				SWIFT_ACTIVE_COMPILATION_CONDITIONS = DEBUG;
				SWIFT_OPTIMIZATION_LEVEL = "-Onone";
			};
			name = Debug;
		};
		29E6E17D2A22030300B8A35A /* Release */ = {
			isa = XCBuildConfiguration;
			buildSettings = {
				ALWAYS_SEARCH_USER_PATHS = NO;
				CLANG_ANALYZER_NONNULL = YES;
				CLANG_ANALYZER_NUMBER_OBJECT_CONVERSION = YES_AGGRESSIVE;
				CLANG_CXX_LANGUAGE_STANDARD = "gnu++20";
				CLANG_ENABLE_MODULES = YES;
				CLANG_ENABLE_OBJC_ARC = YES;
				CLANG_ENABLE_OBJC_WEAK = YES;
				CLANG_WARN_BLOCK_CAPTURE_AUTORELEASING = YES;
				CLANG_WARN_BOOL_CONVERSION = YES;
				CLANG_WARN_COMMA = YES;
				CLANG_WARN_CONSTANT_CONVERSION = YES;
				CLANG_WARN_DEPRECATED_OBJC_IMPLEMENTATIONS = YES;
				CLANG_WARN_DIRECT_OBJC_ISA_USAGE = YES_ERROR;
				CLANG_WARN_DOCUMENTATION_COMMENTS = YES;
				CLANG_WARN_EMPTY_BODY = YES;
				CLANG_WARN_ENUM_CONVERSION = YES;
				CLANG_WARN_INFINITE_RECURSION = YES;
				CLANG_WARN_INT_CONVERSION = YES;
				CLANG_WARN_NON_LITERAL_NULL_CONVERSION = YES;
				CLANG_WARN_OBJC_IMPLICIT_RETAIN_SELF = YES;
				CLANG_WARN_OBJC_LITERAL_CONVERSION = YES;
				CLANG_WARN_OBJC_ROOT_CLASS = YES_ERROR;
				CLANG_WARN_QUOTED_INCLUDE_IN_FRAMEWORK_HEADER = YES;
				CLANG_WARN_RANGE_LOOP_ANALYSIS = YES;
				CLANG_WARN_STRICT_PROTOTYPES = YES;
				CLANG_WARN_SUSPICIOUS_MOVE = YES;
				CLANG_WARN_UNGUARDED_AVAILABILITY = YES_AGGRESSIVE;
				CLANG_WARN_UNREACHABLE_CODE = YES;
				CLANG_WARN__DUPLICATE_METHOD_MATCH = YES;
				COPY_PHASE_STRIP = NO;
				DEBUG_INFORMATION_FORMAT = "dwarf-with-dsym";
				ENABLE_NS_ASSERTIONS = NO;
				ENABLE_STRICT_OBJC_MSGSEND = YES;
				GCC_C_LANGUAGE_STANDARD = gnu11;
				GCC_NO_COMMON_BLOCKS = YES;
				GCC_WARN_64_TO_32_BIT_CONVERSION = YES;
				GCC_WARN_ABOUT_RETURN_TYPE = YES_ERROR;
				GCC_WARN_UNDECLARED_SELECTOR = YES;
				GCC_WARN_UNINITIALIZED_AUTOS = YES_AGGRESSIVE;
				GCC_WARN_UNUSED_FUNCTION = YES;
				GCC_WARN_UNUSED_VARIABLE = YES;
				IPHONEOS_DEPLOYMENT_TARGET = 16.4;
				MTL_ENABLE_DEBUG_INFO = NO;
				MTL_FAST_MATH = YES;
				SDKROOT = iphoneos;
				SWIFT_COMPILATION_MODE = wholemodule;
				SWIFT_OPTIMIZATION_LEVEL = "-O";
				VALIDATE_PRODUCT = YES;
			};
			name = Release;
		};
		29E6E17F2A22030300B8A35A /* Debug */ = {
			isa = XCBuildConfiguration;
			buildSettings = {
				ASSETCATALOG_COMPILER_APPICON_NAME = AppIcon;
				ASSETCATALOG_COMPILER_GLOBAL_ACCENT_COLOR_NAME = AccentColor;
				CODE_SIGN_STYLE = Automatic;
				CURRENT_PROJECT_VERSION = 1;
				DEVELOPMENT_TEAM = UB6VCYGV2P;
				GENERATE_INFOPLIST_FILE = YES;
				INFOPLIST_FILE = Mission1_UIKit/Info.plist;
				INFOPLIST_KEY_UIApplicationSupportsIndirectInputEvents = YES;
				INFOPLIST_KEY_UILaunchStoryboardName = LaunchScreen;
				INFOPLIST_KEY_UIMainStoryboardFile = Main;
				INFOPLIST_KEY_UISupportedInterfaceOrientations = "UIInterfaceOrientationLandscapeLeft UIInterfaceOrientationLandscapeRight UIInterfaceOrientationPortrait";
				IPHONEOS_DEPLOYMENT_TARGET = 14.0;
				LD_RUNPATH_SEARCH_PATHS = (
					"$(inherited)",
					"@executable_path/Frameworks",
				);
				MARKETING_VERSION = 1.0;
				PRODUCT_BUNDLE_IDENTIFIER = "com.seunghoria.Mission1-UIKit";
				PRODUCT_NAME = "$(TARGET_NAME)";
				SWIFT_EMIT_LOC_STRINGS = YES;
				SWIFT_VERSION = 5.0;
				TARGETED_DEVICE_FAMILY = "1,2";
			};
			name = Debug;
		};
		29E6E1802A22030300B8A35A /* Release */ = {
			isa = XCBuildConfiguration;
			buildSettings = {
				ASSETCATALOG_COMPILER_APPICON_NAME = AppIcon;
				ASSETCATALOG_COMPILER_GLOBAL_ACCENT_COLOR_NAME = AccentColor;
				CODE_SIGN_STYLE = Automatic;
				CURRENT_PROJECT_VERSION = 1;
				DEVELOPMENT_TEAM = UB6VCYGV2P;
				GENERATE_INFOPLIST_FILE = YES;
				INFOPLIST_FILE = Mission1_UIKit/Info.plist;
				INFOPLIST_KEY_UIApplicationSupportsIndirectInputEvents = YES;
				INFOPLIST_KEY_UILaunchStoryboardName = LaunchScreen;
				INFOPLIST_KEY_UIMainStoryboardFile = Main;
				INFOPLIST_KEY_UISupportedInterfaceOrientations = "UIInterfaceOrientationLandscapeLeft UIInterfaceOrientationLandscapeRight UIInterfaceOrientationPortrait";
				IPHONEOS_DEPLOYMENT_TARGET = 14.0;
				LD_RUNPATH_SEARCH_PATHS = (
					"$(inherited)",
					"@executable_path/Frameworks",
				);
				MARKETING_VERSION = 1.0;
				PRODUCT_BUNDLE_IDENTIFIER = "com.seunghoria.Mission1-UIKit";
				PRODUCT_NAME = "$(TARGET_NAME)";
				SWIFT_EMIT_LOC_STRINGS = YES;
				SWIFT_VERSION = 5.0;
				TARGETED_DEVICE_FAMILY = "1,2";
			};
			name = Release;
		};
/* End XCBuildConfiguration section */

/* Begin XCConfigurationList section */
		29E6E1652A22030200B8A35A /* Build configuration list for PBXProject "Mission1_UIKit" */ = {
			isa = XCConfigurationList;
			buildConfigurations = (
				29E6E17C2A22030300B8A35A /* Debug */,
				29E6E17D2A22030300B8A35A /* Release */,
			);
			defaultConfigurationIsVisible = 0;
			defaultConfigurationName = Release;
		};
		29E6E17E2A22030300B8A35A /* Build configuration list for PBXNativeTarget "Mission1_UIKit" */ = {
			isa = XCConfigurationList;
			buildConfigurations = (
				29E6E17F2A22030300B8A35A /* Debug */,
				29E6E1802A22030300B8A35A /* Release */,
			);
			defaultConfigurationIsVisible = 0;
			defaultConfigurationName = Release;
		};
/* End XCConfigurationList section */
	};
	rootObject = 29E6E1622A22030200B8A35A /* Project object */;
}
