// !$*UTF8*$!
{
	archiveVersion = 1;
	classes = {
	};
	objectVersion = 56;
	objects = {

/* Begin PBXBuildFile section */
		29297B8D2A10E6BC0080E704 /* mae1u_COOVApp.swift in Sources */ = {isa = PBXBuildFile; fileRef = 29297B8C2A10E6BC0080E704 /* mae1u_COOVApp.swift */; };
		29297B8F2A10E6BC0080E704 /* MainView.swift in Sources */ = {isa = PBXBuildFile; fileRef = 29297B8E2A10E6BC0080E704 /* MainView.swift */; };
		29297B912A10E6BC0080E704 /* Assets.xcassets in Resources */ = {isa = PBXBuildFile; fileRef = 29297B902A10E6BC0080E704 /* Assets.xcassets */; };
		29297B942A10E6BC0080E704 /* Preview Assets.xcassets in Resources */ = {isa = PBXBuildFile; fileRef = 29297B932A10E6BC0080E704 /* Preview Assets.xcassets */; };
		29297B9B2A10F8260080E704 /* practice.swift in Sources */ = {isa = PBXBuildFile; fileRef = 29297B9A2A10F8260080E704 /* practice.swift */; };
		29297B9D2A10FD240080E704 /* FirstView.swift in Sources */ = {isa = PBXBuildFile; fileRef = 29297B9C2A10FD240080E704 /* FirstView.swift */; };
		29297BA02A11117A0080E704 /* Extension.swift in Sources */ = {isa = PBXBuildFile; fileRef = 29297B9F2A11117A0080E704 /* Extension.swift */; };
/* End PBXBuildFile section */

/* Begin PBXFileReference section */
		29297B892A10E6BC0080E704 /* mae1u_COOV.app */ = {isa = PBXFileReference; explicitFileType = wrapper.application; includeInIndex = 0; path = mae1u_COOV.app; sourceTree = BUILT_PRODUCTS_DIR; };
		29297B8C2A10E6BC0080E704 /* mae1u_COOVApp.swift */ = {isa = PBXFileReference; lastKnownFileType = sourcecode.swift; path = mae1u_COOVApp.swift; sourceTree = "<group>"; };
		29297B8E2A10E6BC0080E704 /* MainView.swift */ = {isa = PBXFileReference; lastKnownFileType = sourcecode.swift; path = MainView.swift; sourceTree = "<group>"; };
		29297B902A10E6BC0080E704 /* Assets.xcassets */ = {isa = PBXFileReference; lastKnownFileType = folder.assetcatalog; path = Assets.xcassets; sourceTree = "<group>"; };
		29297B932A10E6BC0080E704 /* Preview Assets.xcassets */ = {isa = PBXFileReference; lastKnownFileType = folder.assetcatalog; path = "Preview Assets.xcassets"; sourceTree = "<group>"; };
		29297B9A2A10F8260080E704 /* practice.swift */ = {isa = PBXFileReference; lastKnownFileType = sourcecode.swift; path = practice.swift; sourceTree = "<group>"; };
		29297B9C2A10FD240080E704 /* FirstView.swift */ = {isa = PBXFileReference; lastKnownFileType = sourcecode.swift; path = FirstView.swift; sourceTree = "<group>"; };
		29297B9F2A11117A0080E704 /* Extension.swift */ = {isa = PBXFileReference; lastKnownFileType = sourcecode.swift; path = Extension.swift; sourceTree = "<group>"; };
		29E53B342A14E54E00CD485E /* AppleSDGothicNeoM.ttf */ = {isa = PBXFileReference; lastKnownFileType = file; path = AppleSDGothicNeoM.ttf; sourceTree = "<group>"; };
		29E53B392A14E54E00CD485E /* AppleSDGothicNeoSB.ttf */ = {isa = PBXFileReference; lastKnownFileType = file; path = AppleSDGothicNeoSB.ttf; sourceTree = "<group>"; };
		29E53B3D2A14E57B00CD485E /* mae1u-COOV-Info.plist */ = {isa = PBXFileReference; lastKnownFileType = text.plist; path = "mae1u-COOV-Info.plist"; sourceTree = SOURCE_ROOT; };
/* End PBXFileReference section */

/* Begin PBXFrameworksBuildPhase section */
		29297B862A10E6BC0080E704 /* Frameworks */ = {
			isa = PBXFrameworksBuildPhase;
			buildActionMask = 2147483647;
			files = (
			);
			runOnlyForDeploymentPostprocessing = 0;
		};
/* End PBXFrameworksBuildPhase section */

/* Begin PBXGroup section */
		29297B802A10E6BC0080E704 = {
			isa = PBXGroup;
			children = (
				29297B8B2A10E6BC0080E704 /* mae1u_COOV */,
				29297B8A2A10E6BC0080E704 /* Products */,
			);
			sourceTree = "<group>";
		};
		29297B8A2A10E6BC0080E704 /* Products */ = {
			isa = PBXGroup;
			children = (
				29297B892A10E6BC0080E704 /* mae1u_COOV.app */,
			);
			name = Products;
			sourceTree = "<group>";
		};
		29297B8B2A10E6BC0080E704 /* mae1u_COOV */ = {
			isa = PBXGroup;
			children = (
				29E53B3D2A14E57B00CD485E /* mae1u-COOV-Info.plist */,
				29297B8C2A10E6BC0080E704 /* mae1u_COOVApp.swift */,
				29297B8E2A10E6BC0080E704 /* MainView.swift */,
				29297B9C2A10FD240080E704 /* FirstView.swift */,
				29E53B332A14E46F00CD485E /* Font */,
				29297B9E2A1111430080E704 /* Extensions */,
				29297B9A2A10F8260080E704 /* practice.swift */,
				29297B902A10E6BC0080E704 /* Assets.xcassets */,
				29297B922A10E6BC0080E704 /* Preview Content */,
			);
			path = mae1u_COOV;
			sourceTree = "<group>";
		};
		29297B922A10E6BC0080E704 /* Preview Content */ = {
			isa = PBXGroup;
			children = (
				29297B932A10E6BC0080E704 /* Preview Assets.xcassets */,
			);
			path = "Preview Content";
			sourceTree = "<group>";
		};
		29297B9E2A1111430080E704 /* Extensions */ = {
			isa = PBXGroup;
			children = (
				29297B9F2A11117A0080E704 /* Extension.swift */,
			);
			path = Extensions;
			sourceTree = "<group>";
		};
		29E53B332A14E46F00CD485E /* Font */ = {
			isa = PBXGroup;
			children = (
				29E53B342A14E54E00CD485E /* AppleSDGothicNeoM.ttf */,
				29E53B392A14E54E00CD485E /* AppleSDGothicNeoSB.ttf */,
			);
			path = Font;
			sourceTree = "<group>";
		};
/* End PBXGroup section */

/* Begin PBXNativeTarget section */
		29297B882A10E6BC0080E704 /* mae1u_COOV */ = {
			isa = PBXNativeTarget;
			buildConfigurationList = 29297B972A10E6BC0080E704 /* Build configuration list for PBXNativeTarget "mae1u_COOV" */;
			buildPhases = (
				29297B852A10E6BC0080E704 /* Sources */,
				29297B862A10E6BC0080E704 /* Frameworks */,
				29297B872A10E6BC0080E704 /* Resources */,
			);
			buildRules = (
			);
			dependencies = (
			);
			name = mae1u_COOV;
			productName = mae1u_COOV;
			productReference = 29297B892A10E6BC0080E704 /* mae1u_COOV.app */;
			productType = "com.apple.product-type.application";
		};
/* End PBXNativeTarget section */

/* Begin PBXProject section */
		29297B812A10E6BC0080E704 /* Project object */ = {
			isa = PBXProject;
			attributes = {
				BuildIndependentTargetsInParallel = 1;
				LastSwiftUpdateCheck = 1430;
				LastUpgradeCheck = 1430;
				TargetAttributes = {
					29297B882A10E6BC0080E704 = {
						CreatedOnToolsVersion = 14.3;
					};
				};
			};
			buildConfigurationList = 29297B842A10E6BC0080E704 /* Build configuration list for PBXProject "mae1u_COOV" */;
			compatibilityVersion = "Xcode 14.0";
			developmentRegion = en;
			hasScannedForEncodings = 0;
			knownRegions = (
				en,
				Base,
			);
			mainGroup = 29297B802A10E6BC0080E704;
			productRefGroup = 29297B8A2A10E6BC0080E704 /* Products */;
			projectDirPath = "";
			projectRoot = "";
			targets = (
				29297B882A10E6BC0080E704 /* mae1u_COOV */,
			);
		};
/* End PBXProject section */

/* Begin PBXResourcesBuildPhase section */
		29297B872A10E6BC0080E704 /* Resources */ = {
			isa = PBXResourcesBuildPhase;
			buildActionMask = 2147483647;
			files = (
				29297B942A10E6BC0080E704 /* Preview Assets.xcassets in Resources */,
				29297B912A10E6BC0080E704 /* Assets.xcassets in Resources */,
			);
			runOnlyForDeploymentPostprocessing = 0;
		};
/* End PBXResourcesBuildPhase section */

/* Begin PBXSourcesBuildPhase section */
		29297B852A10E6BC0080E704 /* Sources */ = {
			isa = PBXSourcesBuildPhase;
			buildActionMask = 2147483647;
			files = (
				29297BA02A11117A0080E704 /* Extension.swift in Sources */,
				29297B8F2A10E6BC0080E704 /* MainView.swift in Sources */,
				29297B9D2A10FD240080E704 /* FirstView.swift in Sources */,
				29297B8D2A10E6BC0080E704 /* mae1u_COOVApp.swift in Sources */,
				29297B9B2A10F8260080E704 /* practice.swift in Sources */,
			);
			runOnlyForDeploymentPostprocessing = 0;
		};
/* End PBXSourcesBuildPhase section */

/* Begin XCBuildConfiguration section */
		29297B952A10E6BC0080E704 /* Debug */ = {
			isa = XCBuildConfiguration;
			buildSettings = {
				ALWAYS_SEARCH_USER_PATHS = NO;
				CLANG_ANALYZER_NONNULL = YES;
				CLANG_ANALYZER_NUMBER_OBJECT_CONVERSION = YES_AGGRESSIVE;
				CLANG_CXX_LANGUAGE_STANDARD = "gnu++20";
				CLANG_ENABLE_MODULES = YES;
				CLANG_ENABLE_OBJC_ARC = YES;
				CLANG_ENABLE_OBJC_WEAK = YES;
				CLANG_WARN_BLOCK_CAPTURE_AUTORELEASING = YES;
				CLANG_WARN_BOOL_CONVERSION = YES;
				CLANG_WARN_COMMA = YES;
				CLANG_WARN_CONSTANT_CONVERSION = YES;
				CLANG_WARN_DEPRECATED_OBJC_IMPLEMENTATIONS = YES;
				CLANG_WARN_DIRECT_OBJC_ISA_USAGE = YES_ERROR;
				CLANG_WARN_DOCUMENTATION_COMMENTS = YES;
				CLANG_WARN_EMPTY_BODY = YES;
				CLANG_WARN_ENUM_CONVERSION = YES;
				CLANG_WARN_INFINITE_RECURSION = YES;
				CLANG_WARN_INT_CONVERSION = YES;
				CLANG_WARN_NON_LITERAL_NULL_CONVERSION = YES;
				CLANG_WARN_OBJC_IMPLICIT_RETAIN_SELF = YES;
				CLANG_WARN_OBJC_LITERAL_CONVERSION = YES;
				CLANG_WARN_OBJC_ROOT_CLASS = YES_ERROR;
				CLANG_WARN_QUOTED_INCLUDE_IN_FRAMEWORK_HEADER = YES;
				CLANG_WARN_RANGE_LOOP_ANALYSIS = YES;
				CLANG_WARN_STRICT_PROTOTYPES = YES;
				CLANG_WARN_SUSPICIOUS_MOVE = YES;
				CLANG_WARN_UNGUARDED_AVAILABILITY = YES_AGGRESSIVE;
				CLANG_WARN_UNREACHABLE_CODE = YES;
				CLANG_WARN__DUPLICATE_METHOD_MATCH = YES;
				COPY_PHASE_STRIP = NO;
				DEBUG_INFORMATION_FORMAT = dwarf;
				ENABLE_STRICT_OBJC_MSGSEND = YES;
				ENABLE_TESTABILITY = YES;
				GCC_C_LANGUAGE_STANDARD = gnu11;
				GCC_DYNAMIC_NO_PIC = NO;
				GCC_NO_COMMON_BLOCKS = YES;
				GCC_OPTIMIZATION_LEVEL = 0;
				GCC_PREPROCESSOR_DEFINITIONS = (
					"DEBUG=1",
					"$(inherited)",
				);
				GCC_WARN_64_TO_32_BIT_CONVERSION = YES;
				GCC_WARN_ABOUT_RETURN_TYPE = YES_ERROR;
				GCC_WARN_UNDECLARED_SELECTOR = YES;
				GCC_WARN_UNINITIALIZED_AUTOS = YES_AGGRESSIVE;
				GCC_WARN_UNUSED_FUNCTION = YES;
				GCC_WARN_UNUSED_VARIABLE = YES;
				IPHONEOS_DEPLOYMENT_TARGET = 16.4;
				MTL_ENABLE_DEBUG_INFO = INCLUDE_SOURCE;
				MTL_FAST_MATH = YES;
				ONLY_ACTIVE_ARCH = YES;
				SDKROOT = iphoneos;
				SWIFT_ACTIVE_COMPILATION_CONDITIONS = DEBUG;
				SWIFT_OPTIMIZATION_LEVEL = "-Onone";
			};
			name = Debug;
		};
		29297B962A10E6BC0080E704 /* Release */ = {
			isa = XCBuildConfiguration;
			buildSettings = {
				ALWAYS_SEARCH_USER_PATHS = NO;
				CLANG_ANALYZER_NONNULL = YES;
				CLANG_ANALYZER_NUMBER_OBJECT_CONVERSION = YES_AGGRESSIVE;
				CLANG_CXX_LANGUAGE_STANDARD = "gnu++20";
				CLANG_ENABLE_MODULES = YES;
				CLANG_ENABLE_OBJC_ARC = YES;
				CLANG_ENABLE_OBJC_WEAK = YES;
				CLANG_WARN_BLOCK_CAPTURE_AUTORELEASING = YES;
				CLANG_WARN_BOOL_CONVERSION = YES;
				CLANG_WARN_COMMA = YES;
				CLANG_WARN_CONSTANT_CONVERSION = YES;
				CLANG_WARN_DEPRECATED_OBJC_IMPLEMENTATIONS = YES;
				CLANG_WARN_DIRECT_OBJC_ISA_USAGE = YES_ERROR;
				CLANG_WARN_DOCUMENTATION_COMMENTS = YES;
				CLANG_WARN_EMPTY_BODY = YES;
				CLANG_WARN_ENUM_CONVERSION = YES;
				CLANG_WARN_INFINITE_RECURSION = YES;
				CLANG_WARN_INT_CONVERSION = YES;
				CLANG_WARN_NON_LITERAL_NULL_CONVERSION = YES;
				CLANG_WARN_OBJC_IMPLICIT_RETAIN_SELF = YES;
				CLANG_WARN_OBJC_LITERAL_CONVERSION = YES;
				CLANG_WARN_OBJC_ROOT_CLASS = YES_ERROR;
				CLANG_WARN_QUOTED_INCLUDE_IN_FRAMEWORK_HEADER = YES;
				CLANG_WARN_RANGE_LOOP_ANALYSIS = YES;
				CLANG_WARN_STRICT_PROTOTYPES = YES;
				CLANG_WARN_SUSPICIOUS_MOVE = YES;
				CLANG_WARN_UNGUARDED_AVAILABILITY = YES_AGGRESSIVE;
				CLANG_WARN_UNREACHABLE_CODE = YES;
				CLANG_WARN__DUPLICATE_METHOD_MATCH = YES;
				COPY_PHASE_STRIP = NO;
				DEBUG_INFORMATION_FORMAT = "dwarf-with-dsym";
				ENABLE_NS_ASSERTIONS = NO;
				ENABLE_STRICT_OBJC_MSGSEND = YES;
				GCC_C_LANGUAGE_STANDARD = gnu11;
				GCC_NO_COMMON_BLOCKS = YES;
				GCC_WARN_64_TO_32_BIT_CONVERSION = YES;
				GCC_WARN_ABOUT_RETURN_TYPE = YES_ERROR;
				GCC_WARN_UNDECLARED_SELECTOR = YES;
				GCC_WARN_UNINITIALIZED_AUTOS = YES_AGGRESSIVE;
				GCC_WARN_UNUSED_FUNCTION = YES;
				GCC_WARN_UNUSED_VARIABLE = YES;
				IPHONEOS_DEPLOYMENT_TARGET = 16.4;
				MTL_ENABLE_DEBUG_INFO = NO;
				MTL_FAST_MATH = YES;
				SDKROOT = iphoneos;
				SWIFT_COMPILATION_MODE = wholemodule;
				SWIFT_OPTIMIZATION_LEVEL = "-O";
				VALIDATE_PRODUCT = YES;
			};
			name = Release;
		};
		29297B982A10E6BC0080E704 /* Debug */ = {
			isa = XCBuildConfiguration;
			buildSettings = {
				ASSETCATALOG_COMPILER_APPICON_NAME = AppIcon;
				ASSETCATALOG_COMPILER_GLOBAL_ACCENT_COLOR_NAME = AccentColor;
				CODE_SIGN_STYLE = Automatic;
				CURRENT_PROJECT_VERSION = 1;
				DEVELOPMENT_ASSET_PATHS = "\"mae1u_COOV/Preview Content\"";
				DEVELOPMENT_TEAM = UB6VCYGV2P;
				ENABLE_PREVIEWS = YES;
				GENERATE_INFOPLIST_FILE = YES;
				INFOPLIST_FILE = "mae1u-COOV-Info.plist";
				INFOPLIST_KEY_UIApplicationSceneManifest_Generation = YES;
				INFOPLIST_KEY_UIApplicationSupportsIndirectInputEvents = YES;
				INFOPLIST_KEY_UILaunchScreen_Generation = YES;
				INFOPLIST_KEY_UISupportedInterfaceOrientations_iPad = "UIInterfaceOrientationPortrait UIInterfaceOrientationPortraitUpsideDown UIInterfaceOrientationLandscapeLeft UIInterfaceOrientationLandscapeRight";
				INFOPLIST_KEY_UISupportedInterfaceOrientations_iPhone = "UIInterfaceOrientationPortrait UIInterfaceOrientationLandscapeLeft UIInterfaceOrientationLandscapeRight";
				LD_RUNPATH_SEARCH_PATHS = (
					"$(inherited)",
					"@executable_path/Frameworks",
				);
				MARKETING_VERSION = 1.0;
				PRODUCT_BUNDLE_IDENTIFIER = "com.seunghoria.mae1u-COOV";
				PRODUCT_NAME = "$(TARGET_NAME)";
				SWIFT_EMIT_LOC_STRINGS = YES;
				SWIFT_VERSION = 5.0;
				TARGETED_DEVICE_FAMILY = "1,2";
			};
			name = Debug;
		};
		29297B992A10E6BC0080E704 /* Release */ = {
			isa = XCBuildConfiguration;
			buildSettings = {
				ASSETCATALOG_COMPILER_APPICON_NAME = AppIcon;
				ASSETCATALOG_COMPILER_GLOBAL_ACCENT_COLOR_NAME = AccentColor;
				CODE_SIGN_STYLE = Automatic;
				CURRENT_PROJECT_VERSION = 1;
				DEVELOPMENT_ASSET_PATHS = "\"mae1u_COOV/Preview Content\"";
				DEVELOPMENT_TEAM = UB6VCYGV2P;
				ENABLE_PREVIEWS = YES;
				GENERATE_INFOPLIST_FILE = YES;
				INFOPLIST_FILE = "mae1u-COOV-Info.plist";
				INFOPLIST_KEY_UIApplicationSceneManifest_Generation = YES;
				INFOPLIST_KEY_UIApplicationSupportsIndirectInputEvents = YES;
				INFOPLIST_KEY_UILaunchScreen_Generation = YES;
				INFOPLIST_KEY_UISupportedInterfaceOrientations_iPad = "UIInterfaceOrientationPortrait UIInterfaceOrientationPortraitUpsideDown UIInterfaceOrientationLandscapeLeft UIInterfaceOrientationLandscapeRight";
				INFOPLIST_KEY_UISupportedInterfaceOrientations_iPhone = "UIInterfaceOrientationPortrait UIInterfaceOrientationLandscapeLeft UIInterfaceOrientationLandscapeRight";
				LD_RUNPATH_SEARCH_PATHS = (
					"$(inherited)",
					"@executable_path/Frameworks",
				);
				MARKETING_VERSION = 1.0;
				PRODUCT_BUNDLE_IDENTIFIER = "com.seunghoria.mae1u-COOV";
				PRODUCT_NAME = "$(TARGET_NAME)";
				SWIFT_EMIT_LOC_STRINGS = YES;
				SWIFT_VERSION = 5.0;
				TARGETED_DEVICE_FAMILY = "1,2";
			};
			name = Release;
		};
/* End XCBuildConfiguration section */

/* Begin XCConfigurationList section */
		29297B842A10E6BC0080E704 /* Build configuration list for PBXProject "mae1u_COOV" */ = {
			isa = XCConfigurationList;
			buildConfigurations = (
				29297B952A10E6BC0080E704 /* Debug */,
				29297B962A10E6BC0080E704 /* Release */,
			);
			defaultConfigurationIsVisible = 0;
			defaultConfigurationName = Release;
		};
		29297B972A10E6BC0080E704 /* Build configuration list for PBXNativeTarget "mae1u_COOV" */ = {
			isa = XCConfigurationList;
			buildConfigurations = (
				29297B982A10E6BC0080E704 /* Debug */,
				29297B992A10E6BC0080E704 /* Release */,
			);
			defaultConfigurationIsVisible = 0;
			defaultConfigurationName = Release;
		};
/* End XCConfigurationList section */
	};
	rootObject = 29297B812A10E6BC0080E704 /* Project object */;
}
